{
    "_readme": [
        "This file locks the dependencies of your project to a known state",
        "Read more about it at http://getcomposer.org/doc/01-basic-usage.md#composer-lock-the-lock-file",
        "This file is @generated automatically"
    ],
    "hash": "36df7307f0e61965690cc85a44a062ae",
    "packages": [],
    "packages-dev": [
        {
            "name": "3rdpartyeve/phealng",
            "version": "2.1.0",
            "source": {
                "type": "git",
                "url": "https://github.com/3rdpartyeve/phealng.git",
                "reference": "4754a4d6cbc9bbe91abf0cce36526d544d4e9bc9"
            },
            "dist": {
                "type": "zip",
                "url": "https://api.github.com/repos/3rdpartyeve/phealng/zipball/4754a4d6cbc9bbe91abf0cce36526d544d4e9bc9",
                "reference": "4754a4d6cbc9bbe91abf0cce36526d544d4e9bc9",
                "shasum": ""
            },
            "require": {
                "php": ">=5.4.0",
                "psr/log": "1.0.0"
            },
            "type": "library",
            "autoload": {
                "psr-4": {
                    "Pheal\\": "lib/Pheal/"
                }
            },
            "notification-url": "https://packagist.org/downloads/",
            "license": [
                "MIT"
            ],
            "authors": [
                {
                    "name": "Peter Petermann",
                    "email": "ppetermann80@googlemail.com",
                    "homepage": "http://devedge.eu"
                },
                {
                    "name": "Wollari",
                    "homepage": "http://evemaps.dotlan.net/"
                }
            ],
            "description": "PHP Eve Api Library, a simple PHP lib to access the EVE Online API",
            "homepage": "https://github.com/3rdpartyeve/phealng",
            "keywords": [
                "EVE API",
                "EVE Online",
                "Pheal",
                "PhealNG"
            ],
            "time": "2015-01-17 17:57:58"
        },
        {
            "name": "psr/log",
            "version": "1.0.0",
            "source": {
                "type": "git",
                "url": "https://github.com/php-fig/log.git",
                "reference": "fe0936ee26643249e916849d48e3a51d5f5e278b"
            },
            "dist": {
                "type": "zip",
                "url": "https://api.github.com/repos/php-fig/log/zipball/fe0936ee26643249e916849d48e3a51d5f5e278b",
                "reference": "fe0936ee26643249e916849d48e3a51d5f5e278b",
                "shasum": ""
            },
            "type": "library",
            "autoload": {
                "psr-0": {
                    "Psr\\Log\\": ""
                }
            },
            "notification-url": "https://packagist.org/downloads/",
            "license": [
                "MIT"
            ],
            "authors": [
                {
                    "name": "PHP-FIG",
                    "homepage": "http://www.php-fig.org/"
                }
            ],
            "description": "Common interface for logging libraries",
            "keywords": [
                "log",
                "psr",
                "psr-3"
            ],
            "time": "2012-12-21 11:40:51"
        }
    ],
    "aliases": [],
    "minimum-stability": "stable",
    "stability-flags": [],
    "prefer-stable": false,
    "prefer-lowest": false,
    "platform": {
        "php": ">=5.4.0"
    },
    "platform-dev": []
}
